
Microsoft Visual Studio Solution File, Format Version 12.00
# Visual Studio Version 17
VisualStudioVersion = 17.13.35913.81 d17.13
MinimumVisualStudioVersion = 10.0.40219.1
Project("{FAE04EC0-301F-11D3-BF4B-00C04F79EFBC}") = "power_guard", "power_guard.csproj", "{4817EB18-6CF3-47F7-9DCA-2E92DA467B10}"
EndProject
Global
	GlobalSection(SolutionConfigurationPlatforms) = preSolution
		Debug|Any CPU = Debug|Any CPU
		Release|Any CPU = Release|Any CPU
	EndGlobalSection
	GlobalSection(ProjectConfigurationPlatforms) = postSolution
		{4817EB18-6CF3-47F7-9DCA-2E92DA467B10}.Debug|Any CPU.ActiveCfg = Debug|Any CPU
		{4817EB18-6CF3-47F7-9DCA-2E92DA467B10}.Debug|Any CPU.Build.0 = Debug|Any CPU
		{4817EB18-6CF3-47F7-9DCA-2E92DA467B10}.Release|Any CPU.ActiveCfg = Release|Any CPU
		{4817EB18-6CF3-47F7-9DCA-2E92DA467B10}.Release|Any CPU.Build.0 = Release|Any CPU
	EndGlobalSection
	GlobalSection(SolutionProperties) = preSolution
		HideSolutionNode = FALSE
	EndGlobalSection
	GlobalSection(ExtensibilityGlobals) = postSolution
		SolutionGuid = {AEC142D9-5243-48BF-A59F-A4A5111CA79C}
	EndGlobalSection
EndGlobal
